
Microsoft Visual Studio Solution File, Format Version 12.00
# Visual Studio Version 17
VisualStudioVersion = 17.5.33530.505
MinimumVisualStudioVersion = 10.0.40219.1
Project("{FAE04EC0-301F-11D3-BF4B-00C04F79EFBC}") = "PasswordsBunker", "PasswordsBunker\PasswordsBunker.csproj", "{2AD09950-DF7E-4FE5-BECE-80240464973B}"
EndProject
Global
	GlobalSection(SolutionConfigurationPlatforms) = preSolution
		Debug|Any CPU = Debug|Any CPU
		Release|Any CPU = Release|Any CPU
	EndGlobalSection
	GlobalSection(ProjectConfigurationPlatforms) = postSolution
		{2AD09950-DF7E-4FE5-BECE-80240464973B}.Debug|Any CPU.ActiveCfg = Debug|Any CPU
		{2AD09950-DF7E-4FE5-BECE-80240464973B}.Debug|Any CPU.Build.0 = Debug|Any CPU
		{2AD09950-DF7E-4FE5-BECE-80240464973B}.Release|Any CPU.ActiveCfg = Release|Any CPU
		{2AD09950-DF7E-4FE5-BECE-80240464973B}.Release|Any CPU.Build.0 = Release|Any CPU
	EndGlobalSection
	GlobalSection(SolutionProperties) = preSolution
		HideSolutionNode = FALSE
	EndGlobalSection
	GlobalSection(ExtensibilityGlobals) = postSolution
		SolutionGuid = {6A366070-6A7C-48C5-9EAC-F7119B84157D}
	EndGlobalSection
EndGlobal
